
Microsoft Visual Studio Solution File, Format Version 12.00
# Visual Studio 15
VisualStudioVersion = 15.0.27130.2003
MinimumVisualStudioVersion = 10.0.40219.1
Project("{FAE04EC0-301F-11D3-BF4B-00C04F79EFBC}") = "AdmiraltySimulator", "AdmiraltySimulator\AdmiraltySimulator.csproj", "{04A190DD-150A-4206-90CB-709E440FEB63}"
EndProject
Project("{FAE04EC0-301F-11D3-BF4B-00C04F79EFBC}") = "AdmiraltySimulatorCLI", "AdmiraltySimulatorCLI\AdmiraltySimulatorCLI.csproj", "{2FD88E17-94B0-450F-AA58-3E7B64CA7A42}"
EndProject
Project("{FAE04EC0-301F-11D3-BF4B-00C04F79EFBC}") = "AdmiraltySimulatorGUI", "AdmiraltySimulatorGUI\AdmiraltySimulatorGUI.csproj", "{5EAA558B-C7FF-474E-AD74-D0870C53452E}"
EndProject
Global
	GlobalSection(SolutionConfigurationPlatforms) = preSolution
		Debug|x64 = Debug|x64
		Debug|x86 = Debug|x86
		Release|x64 = Release|x64
		Release|x86 = Release|x86
	EndGlobalSection
	GlobalSection(ProjectConfigurationPlatforms) = postSolution
		{04A190DD-150A-4206-90CB-709E440FEB63}.Debug|x64.ActiveCfg = Debug|x64
		{04A190DD-150A-4206-90CB-709E440FEB63}.Debug|x64.Build.0 = Debug|x64
		{04A190DD-150A-4206-90CB-709E440FEB63}.Debug|x86.ActiveCfg = Debug|x86
		{04A190DD-150A-4206-90CB-709E440FEB63}.Debug|x86.Build.0 = Debug|x86
		{04A190DD-150A-4206-90CB-709E440FEB63}.Release|x64.ActiveCfg = Release|x64
		{04A190DD-150A-4206-90CB-709E440FEB63}.Release|x64.Build.0 = Release|x64
		{04A190DD-150A-4206-90CB-709E440FEB63}.Release|x86.ActiveCfg = Release|x86
		{04A190DD-150A-4206-90CB-709E440FEB63}.Release|x86.Build.0 = Release|x86
		{2FD88E17-94B0-450F-AA58-3E7B64CA7A42}.Debug|x64.ActiveCfg = Debug|x64
		{2FD88E17-94B0-450F-AA58-3E7B64CA7A42}.Debug|x64.Build.0 = Debug|x64
		{2FD88E17-94B0-450F-AA58-3E7B64CA7A42}.Debug|x86.ActiveCfg = Debug|x86
		{2FD88E17-94B0-450F-AA58-3E7B64CA7A42}.Debug|x86.Build.0 = Debug|x86
		{2FD88E17-94B0-450F-AA58-3E7B64CA7A42}.Release|x64.ActiveCfg = Release|x64
		{2FD88E17-94B0-450F-AA58-3E7B64CA7A42}.Release|x64.Build.0 = Release|x64
		{2FD88E17-94B0-450F-AA58-3E7B64CA7A42}.Release|x86.ActiveCfg = Release|x86
		{2FD88E17-94B0-450F-AA58-3E7B64CA7A42}.Release|x86.Build.0 = Release|x86
		{5EAA558B-C7FF-474E-AD74-D0870C53452E}.Debug|x64.ActiveCfg = Debug|x64
		{5EAA558B-C7FF-474E-AD74-D0870C53452E}.Debug|x64.Build.0 = Debug|x64
		{5EAA558B-C7FF-474E-AD74-D0870C53452E}.Debug|x86.ActiveCfg = Debug|x86
		{5EAA558B-C7FF-474E-AD74-D0870C53452E}.Debug|x86.Build.0 = Debug|x86
		{5EAA558B-C7FF-474E-AD74-D0870C53452E}.Release|x64.ActiveCfg = Release|x64
		{5EAA558B-C7FF-474E-AD74-D0870C53452E}.Release|x64.Build.0 = Release|x64
		{5EAA558B-C7FF-474E-AD74-D0870C53452E}.Release|x86.ActiveCfg = Release|x86
		{5EAA558B-C7FF-474E-AD74-D0870C53452E}.Release|x86.Build.0 = Release|x86
	EndGlobalSection
	GlobalSection(SolutionProperties) = preSolution
		HideSolutionNode = FALSE
	EndGlobalSection
	GlobalSection(ExtensibilityGlobals) = postSolution
		SolutionGuid = {FC5B55C9-9BD2-481C-84E8-AE2DFE4AA856}
	EndGlobalSection
EndGlobal
